
Microsoft Visual Studio Solution File, Format Version 12.00
# Visual Studio Version 17
VisualStudioVersion = 17.10.35013.160
MinimumVisualStudioVersion = 10.0.40219.1
Project("{FAE04EC0-301F-11D3-BF4B-00C04F79EFBC}") = "CodePal.WinForms", "CodePal.WinForms\CodePal.WinForms.csproj", "{9361157B-31B2-4C0C-A9E3-558F13F7D76C}"
EndProject
Project("{FAE04EC0-301F-11D3-BF4B-00C04F79EFBC}") = "CodePal", "CodePal\CodePal.csproj", "{C26A659B-4815-417D-AFB1-18A3195E9319}"
EndProject
Global
	GlobalSection(SolutionConfigurationPlatforms) = preSolution
		Debug|Any CPU = Debug|Any CPU
		Release|Any CPU = Release|Any CPU
	EndGlobalSection
	GlobalSection(ProjectConfigurationPlatforms) = postSolution
		{9361157B-31B2-4C0C-A9E3-558F13F7D76C}.Debug|Any CPU.ActiveCfg = Debug|Any CPU
		{9361157B-31B2-4C0C-A9E3-558F13F7D76C}.Debug|Any CPU.Build.0 = Debug|Any CPU
		{9361157B-31B2-4C0C-A9E3-558F13F7D76C}.Release|Any CPU.ActiveCfg = Release|Any CPU
		{9361157B-31B2-4C0C-A9E3-558F13F7D76C}.Release|Any CPU.Build.0 = Release|Any CPU
		{C26A659B-4815-417D-AFB1-18A3195E9319}.Debug|Any CPU.ActiveCfg = Debug|Any CPU
		{C26A659B-4815-417D-AFB1-18A3195E9319}.Debug|Any CPU.Build.0 = Debug|Any CPU
		{C26A659B-4815-417D-AFB1-18A3195E9319}.Release|Any CPU.ActiveCfg = Release|Any CPU
		{C26A659B-4815-417D-AFB1-18A3195E9319}.Release|Any CPU.Build.0 = Release|Any CPU
	EndGlobalSection
	GlobalSection(SolutionProperties) = preSolution
		HideSolutionNode = FALSE
	EndGlobalSection
	GlobalSection(ExtensibilityGlobals) = postSolution
		SolutionGuid = {CB21A794-43FF-4BA8-A7B7-76783E643D90}
	EndGlobalSection
EndGlobal
